
Microsoft Visual Studio Solution File, Format Version 12.00
# Visual Studio Version 17
VisualStudioVersion = 17.0.31903.59
MinimumVisualStudioVersion = 10.0.40219.1
Project("{2150E333-8FDC-42A3-9474-1A3956D46DE8}") = "Products", "Products", "{02EA681E-C7D8-13C7-8484-4AC65E1B71E8}"
EndProject
Project("{FAE04EC0-301F-11D3-BF4B-00C04F79EFBC}") = "PreciosGamer.Products.Dtos", "src\Products\PreciosGamer.Products.Dtos\PreciosGamer.Products.Dtos.csproj", "{73B0195F-1076-4399-ACB4-13C4DB9F9592}"
EndProject
Project("{E53339B2-1760-4266-BCC7-CA923CBCF16C}") = "docker-compose", "docker-compose.dcproj", "{81DDED9D-158B-E303-5F62-77A2896D2A5A}"
EndProject
Project("{FAE04EC0-301F-11D3-BF4B-00C04F79EFBC}") = "PreciosGamer.Products.Persistence", "src\Products\PreciosGamer.Products.Persistence\PreciosGamer.Products.Persistence.csproj", "{AF1CAAE3-FE61-46FA-9D66-1619A1E16F05}"
EndProject
Project("{FAE04EC0-301F-11D3-BF4B-00C04F79EFBC}") = "PreciosGamer.Products.CompraGamer", "src\Products\PreciosGamer.Products.CompraGamer\PreciosGamer.Products.CompraGamer.csproj", "{E03991DA-4DCB-4F86-A76B-1F9FB84C9B0E}"
EndProject
Project("{FAE04EC0-301F-11D3-BF4B-00C04F79EFBC}") = "PreciosGamer.Products.Consumer", "src\Products\PreciosGamer.Products.Consumer\PreciosGamer.Products.Consumer.csproj", "{DDCB986B-F816-4C9A-86F0-B8BE4DA91827}"
EndProject
Project("{FAE04EC0-301F-11D3-BF4B-00C04F79EFBC}") = "PreciosGamer.Products.API", "src\Products\PreciosGamer.Products.API\PreciosGamer.Products.API.csproj", "{10216A85-ACF4-4D2C-944F-FBE67E17AEEF}"
EndProject
Project("{2150E333-8FDC-42A3-9474-1A3956D46DE8}") = "ExchangeRates", "ExchangeRates", "{4038D93D-7F93-435A-B6FB-1210AA87A859}"
EndProject
Project("{FAE04EC0-301F-11D3-BF4B-00C04F79EFBC}") = "PreciosGamer.ExchangeRates.API", "src\ExchangeRates\PreciosGamer.ExchangeRates.API\PreciosGamer.ExchangeRates.API.csproj", "{CDC7AFBF-6F84-4664-9D27-9E4B6E36AD49}"
EndProject
Global
	GlobalSection(SolutionConfigurationPlatforms) = preSolution
		Debug|Any CPU = Debug|Any CPU
		Release|Any CPU = Release|Any CPU
	EndGlobalSection
	GlobalSection(ProjectConfigurationPlatforms) = postSolution
		{73B0195F-1076-4399-ACB4-13C4DB9F9592}.Debug|Any CPU.ActiveCfg = Debug|Any CPU
		{73B0195F-1076-4399-ACB4-13C4DB9F9592}.Debug|Any CPU.Build.0 = Debug|Any CPU
		{73B0195F-1076-4399-ACB4-13C4DB9F9592}.Release|Any CPU.ActiveCfg = Release|Any CPU
		{73B0195F-1076-4399-ACB4-13C4DB9F9592}.Release|Any CPU.Build.0 = Release|Any CPU
		{81DDED9D-158B-E303-5F62-77A2896D2A5A}.Debug|Any CPU.ActiveCfg = Debug|Any CPU
		{81DDED9D-158B-E303-5F62-77A2896D2A5A}.Debug|Any CPU.Build.0 = Debug|Any CPU
		{81DDED9D-158B-E303-5F62-77A2896D2A5A}.Release|Any CPU.ActiveCfg = Release|Any CPU
		{81DDED9D-158B-E303-5F62-77A2896D2A5A}.Release|Any CPU.Build.0 = Release|Any CPU
		{AF1CAAE3-FE61-46FA-9D66-1619A1E16F05}.Debug|Any CPU.ActiveCfg = Debug|Any CPU
		{AF1CAAE3-FE61-46FA-9D66-1619A1E16F05}.Debug|Any CPU.Build.0 = Debug|Any CPU
		{AF1CAAE3-FE61-46FA-9D66-1619A1E16F05}.Release|Any CPU.ActiveCfg = Release|Any CPU
		{AF1CAAE3-FE61-46FA-9D66-1619A1E16F05}.Release|Any CPU.Build.0 = Release|Any CPU
		{E03991DA-4DCB-4F86-A76B-1F9FB84C9B0E}.Debug|Any CPU.ActiveCfg = Debug|Any CPU
		{E03991DA-4DCB-4F86-A76B-1F9FB84C9B0E}.Debug|Any CPU.Build.0 = Debug|Any CPU
		{E03991DA-4DCB-4F86-A76B-1F9FB84C9B0E}.Release|Any CPU.ActiveCfg = Release|Any CPU
		{E03991DA-4DCB-4F86-A76B-1F9FB84C9B0E}.Release|Any CPU.Build.0 = Release|Any CPU
		{DDCB986B-F816-4C9A-86F0-B8BE4DA91827}.Debug|Any CPU.ActiveCfg = Debug|Any CPU
		{DDCB986B-F816-4C9A-86F0-B8BE4DA91827}.Debug|Any CPU.Build.0 = Debug|Any CPU
		{DDCB986B-F816-4C9A-86F0-B8BE4DA91827}.Release|Any CPU.ActiveCfg = Release|Any CPU
		{DDCB986B-F816-4C9A-86F0-B8BE4DA91827}.Release|Any CPU.Build.0 = Release|Any CPU
		{10216A85-ACF4-4D2C-944F-FBE67E17AEEF}.Debug|Any CPU.ActiveCfg = Debug|Any CPU
		{10216A85-ACF4-4D2C-944F-FBE67E17AEEF}.Debug|Any CPU.Build.0 = Debug|Any CPU
		{10216A85-ACF4-4D2C-944F-FBE67E17AEEF}.Release|Any CPU.ActiveCfg = Release|Any CPU
		{10216A85-ACF4-4D2C-944F-FBE67E17AEEF}.Release|Any CPU.Build.0 = Release|Any CPU
		{CDC7AFBF-6F84-4664-9D27-9E4B6E36AD49}.Debug|Any CPU.ActiveCfg = Debug|Any CPU
		{CDC7AFBF-6F84-4664-9D27-9E4B6E36AD49}.Debug|Any CPU.Build.0 = Debug|Any CPU
		{CDC7AFBF-6F84-4664-9D27-9E4B6E36AD49}.Release|Any CPU.ActiveCfg = Release|Any CPU
		{CDC7AFBF-6F84-4664-9D27-9E4B6E36AD49}.Release|Any CPU.Build.0 = Release|Any CPU
	EndGlobalSection
	GlobalSection(SolutionProperties) = preSolution
		HideSolutionNode = FALSE
	EndGlobalSection
	GlobalSection(NestedProjects) = preSolution
		{73B0195F-1076-4399-ACB4-13C4DB9F9592} = {02EA681E-C7D8-13C7-8484-4AC65E1B71E8}
		{AF1CAAE3-FE61-46FA-9D66-1619A1E16F05} = {02EA681E-C7D8-13C7-8484-4AC65E1B71E8}
		{E03991DA-4DCB-4F86-A76B-1F9FB84C9B0E} = {02EA681E-C7D8-13C7-8484-4AC65E1B71E8}
		{DDCB986B-F816-4C9A-86F0-B8BE4DA91827} = {02EA681E-C7D8-13C7-8484-4AC65E1B71E8}
		{10216A85-ACF4-4D2C-944F-FBE67E17AEEF} = {02EA681E-C7D8-13C7-8484-4AC65E1B71E8}
		{CDC7AFBF-6F84-4664-9D27-9E4B6E36AD49} = {4038D93D-7F93-435A-B6FB-1210AA87A859}
	EndGlobalSection
	GlobalSection(ExtensibilityGlobals) = postSolution
		SolutionGuid = {5788F55C-2CB3-40F6-A9CB-48344C7EEF68}
	EndGlobalSection
EndGlobal
